
Microsoft Visual Studio Solution File, Format Version 12.00
# Visual Studio Version 17
VisualStudioVersion = 17.14.36401.2 d17.14
MinimumVisualStudioVersion = 10.0.40219.1
Project("{888888A0-9F3D-457C-B088-3A5042F75D52}") = "emotional_bot_backend", "emotional_bot_backend.pyproj", "{CD46845E-63FE-4946-B525-6CE81A825B89}"
EndProject
Global
	GlobalSection(SolutionConfigurationPlatforms) = preSolution
		Debug|Any CPU = Debug|Any CPU
		Release|Any CPU = Release|Any CPU
	EndGlobalSection
	GlobalSection(ProjectConfigurationPlatforms) = postSolution
		{CD46845E-63FE-4946-B525-6CE81A825B89}.Debug|Any CPU.ActiveCfg = Debug|Any CPU
		{CD46845E-63FE-4946-B525-6CE81A825B89}.Debug|Any CPU.Build.0 = Debug|Any CPU
		{CD46845E-63FE-4946-B525-6CE81A825B89}.Release|Any CPU.ActiveCfg = Release|Any CPU
		{CD46845E-63FE-4946-B525-6CE81A825B89}.Release|Any CPU.Build.0 = Release|Any CPU
	EndGlobalSection
	GlobalSection(SolutionProperties) = preSolution
		HideSolutionNode = FALSE
	EndGlobalSection
	GlobalSection(ExtensibilityGlobals) = postSolution
		SolutionGuid = {7361221D-4C4F-49D8-BF29-1D876E27ADA7}
	EndGlobalSection
EndGlobal
